// !$*UTF8*$!
{
	archiveVersion = 1;
	classes = {
	};
	objectVersion = 50;
	objects = {

/* Begin PBXBuildFile section */
		099396AC25B71EBF00ECEDEB /* AppDelegate.swift in Sources */ = {isa = PBXBuildFile; fileRef = 099396AB25B71EBF00ECEDEB /* AppDelegate.swift */; };
		099396AE25B71EBF00ECEDEB /* SceneDelegate.swift in Sources */ = {isa = PBXBuildFile; fileRef = 099396AD25B71EBF00ECEDEB /* SceneDelegate.swift */; };
		099396B025B71EBF00ECEDEB /* ViewController.swift in Sources */ = {isa = PBXBuildFile; fileRef = 099396AF25B71EBF00ECEDEB /* ViewController.swift */; };
		099396B325B71EBF00ECEDEB /* Main.storyboard in Resources */ = {isa = PBXBuildFile; fileRef = 099396B125B71EBF00ECEDEB /* Main.storyboard */; };
		099396B525B71EC300ECEDEB /* Assets.xcassets in Resources */ = {isa = PBXBuildFile; fileRef = 099396B425B71EC300ECEDEB /* Assets.xcassets */; };
		099396B825B71EC300ECEDEB /* LaunchScreen.storyboard in Resources */ = {isa = PBXBuildFile; fileRef = 099396B625B71EC300ECEDEB /* LaunchScreen.storyboard */; };
		09FEAF2B25B81A7E00EA85E6 /* Weather.swift in Sources */ = {isa = PBXBuildFile; fileRef = 09FEAF2A25B81A7E00EA85E6 /* Weather.swift */; };
		09FEAF3325B82C6900EA85E6 /* SearchCityController.swift in Sources */ = {isa = PBXBuildFile; fileRef = 09FEAF3225B82C6900EA85E6 /* SearchCityController.swift */; };
		15CF31C4A1C94D3A4B64FA3E /* Pods_Weather.framework in Frameworks */ = {isa = PBXBuildFile; fileRef = 3FDEEE1F5A0D804224477995 /* Pods_Weather.framework */; };
/* End PBXBuildFile section */

/* Begin PBXFileReference section */
		099396A825B71EBF00ECEDEB /* Weather.app */ = {isa = PBXFileReference; explicitFileType = wrapper.application; includeInIndex = 0; path = Weather.app; sourceTree = BUILT_PRODUCTS_DIR; };
		099396AB25B71EBF00ECEDEB /* AppDelegate.swift */ = {isa = PBXFileReference; lastKnownFileType = sourcecode.swift; path = AppDelegate.swift; sourceTree = "<group>"; };
		099396AD25B71EBF00ECEDEB /* SceneDelegate.swift */ = {isa = PBXFileReference; lastKnownFileType = sourcecode.swift; path = SceneDelegate.swift; sourceTree = "<group>"; };
		099396AF25B71EBF00ECEDEB /* ViewController.swift */ = {isa = PBXFileReference; lastKnownFileType = sourcecode.swift; path = ViewController.swift; sourceTree = "<group>"; };
		099396B225B71EBF00ECEDEB /* Base */ = {isa = PBXFileReference; lastKnownFileType = file.storyboard; name = Base; path = Base.lproj/Main.storyboard; sourceTree = "<group>"; };
		099396B425B71EC300ECEDEB /* Assets.xcassets */ = {isa = PBXFileReference; lastKnownFileType = folder.assetcatalog; path = Assets.xcassets; sourceTree = "<group>"; };
		099396B725B71EC300ECEDEB /* Base */ = {isa = PBXFileReference; lastKnownFileType = file.storyboard; name = Base; path = Base.lproj/LaunchScreen.storyboard; sourceTree = "<group>"; };
		099396B925B71EC300ECEDEB /* Info.plist */ = {isa = PBXFileReference; lastKnownFileType = text.plist.xml; path = Info.plist; sourceTree = "<group>"; };
		09FEAF2A25B81A7E00EA85E6 /* Weather.swift */ = {isa = PBXFileReference; lastKnownFileType = sourcecode.swift; path = Weather.swift; sourceTree = "<group>"; };
		09FEAF3225B82C6900EA85E6 /* SearchCityController.swift */ = {isa = PBXFileReference; lastKnownFileType = sourcecode.swift; path = SearchCityController.swift; sourceTree = "<group>"; };
		183BE32A7718AC2DC17ADB47 /* Pods-Weather.release.xcconfig */ = {isa = PBXFileReference; includeInIndex = 1; lastKnownFileType = text.xcconfig; name = "Pods-Weather.release.xcconfig"; path = "Pods/Target Support Files/Pods-Weather/Pods-Weather.release.xcconfig"; sourceTree = "<group>"; };
		27C0FC92F1028EEF58CF0939 /* Pods-Weather.debug.xcconfig */ = {isa = PBXFileReference; includeInIndex = 1; lastKnownFileType = text.xcconfig; name = "Pods-Weather.debug.xcconfig"; path = "Pods/Target Support Files/Pods-Weather/Pods-Weather.debug.xcconfig"; sourceTree = "<group>"; };
		3FDEEE1F5A0D804224477995 /* Pods_Weather.framework */ = {isa = PBXFileReference; explicitFileType = wrapper.framework; includeInIndex = 0; path = Pods_Weather.framework; sourceTree = BUILT_PRODUCTS_DIR; };
/* End PBXFileReference section */

/* Begin PBXFrameworksBuildPhase section */
		099396A525B71EBF00ECEDEB /* Frameworks */ = {
			isa = PBXFrameworksBuildPhase;
			buildActionMask = 2147483647;
			files = (
				15CF31C4A1C94D3A4B64FA3E /* Pods_Weather.framework in Frameworks */,
			);
			runOnlyForDeploymentPostprocessing = 0;
		};
/* End PBXFrameworksBuildPhase section */

/* Begin PBXGroup section */
		0993969F25B71EBF00ECEDEB = {
			isa = PBXGroup;
			children = (
				099396AA25B71EBF00ECEDEB /* Weather */,
				099396A925B71EBF00ECEDEB /* Products */,
				517DF2595FA24B24B8C3747B /* Pods */,
				D46745FA15EEE5D64A40A6D3 /* Frameworks */,
			);
			sourceTree = "<group>";
		};
		099396A925B71EBF00ECEDEB /* Products */ = {
			isa = PBXGroup;
			children = (
				099396A825B71EBF00ECEDEB /* Weather.app */,
			);
			name = Products;
			sourceTree = "<group>";
		};
		099396AA25B71EBF00ECEDEB /* Weather */ = {
			isa = PBXGroup;
			children = (
				09FEAF2925B81A6300EA85E6 /* Controller */,
				09FEAF2825B81A5100EA85E6 /* View */,
				09FEAF2725B81A0200EA85E6 /* Model */,
				099396B425B71EC300ECEDEB /* Assets.xcassets */,
				099396B625B71EC300ECEDEB /* LaunchScreen.storyboard */,
				099396B925B71EC300ECEDEB /* Info.plist */,
			);
			path = Weather;
			sourceTree = "<group>";
		};
		09FEAF2725B81A0200EA85E6 /* Model */ = {
			isa = PBXGroup;
			children = (
				09FEAF2A25B81A7E00EA85E6 /* Weather.swift */,
			);
			path = Model;
			sourceTree = "<group>";
		};
		09FEAF2825B81A5100EA85E6 /* View */ = {
			isa = PBXGroup;
			children = (
				099396B125B71EBF00ECEDEB /* Main.storyboard */,
			);
			path = View;
			sourceTree = "<group>";
		};
		09FEAF2925B81A6300EA85E6 /* Controller */ = {
			isa = PBXGroup;
			children = (
				099396AB25B71EBF00ECEDEB /* AppDelegate.swift */,
				099396AD25B71EBF00ECEDEB /* SceneDelegate.swift */,
				099396AF25B71EBF00ECEDEB /* ViewController.swift */,
				09FEAF3225B82C6900EA85E6 /* SearchCityController.swift */,
			);
			path = Controller;
			sourceTree = "<group>";
		};
		517DF2595FA24B24B8C3747B /* Pods */ = {
			isa = PBXGroup;
			children = (
				27C0FC92F1028EEF58CF0939 /* Pods-Weather.debug.xcconfig */,
				183BE32A7718AC2DC17ADB47 /* Pods-Weather.release.xcconfig */,
			);
			name = Pods;
			sourceTree = "<group>";
		};
		D46745FA15EEE5D64A40A6D3 /* Frameworks */ = {
			isa = PBXGroup;
			children = (
				3FDEEE1F5A0D804224477995 /* Pods_Weather.framework */,
			);
			name = Frameworks;
			sourceTree = "<group>";
		};
/* End PBXGroup section */

/* Begin PBXNativeTarget section */
		099396A725B71EBF00ECEDEB /* Weather */ = {
			isa = PBXNativeTarget;
			buildConfigurationList = 099396BC25B71EC300ECEDEB /* Build configuration list for PBXNativeTarget "Weather" */;
			buildPhases = (
				C58D2C9AE1EAE65EF2720947 /* [CP] Check Pods Manifest.lock */,
				099396A425B71EBF00ECEDEB /* Sources */,
				099396A525B71EBF00ECEDEB /* Frameworks */,
				099396A625B71EBF00ECEDEB /* Resources */,
				A10EF92B600F63754FC328B1 /* [CP] Embed Pods Frameworks */,
			);
			buildRules = (
			);
			dependencies = (
			);
			name = Weather;
			productName = Weather;
			productReference = 099396A825B71EBF00ECEDEB /* Weather.app */;
			productType = "com.apple.product-type.application";
		};
/* End PBXNativeTarget section */

/* Begin PBXProject section */
		099396A025B71EBF00ECEDEB /* Project object */ = {
			isa = PBXProject;
			attributes = {
				LastSwiftUpdateCheck = 1230;
				LastUpgradeCheck = 1230;
				TargetAttributes = {
					099396A725B71EBF00ECEDEB = {
						CreatedOnToolsVersion = 12.3;
					};
				};
			};
			buildConfigurationList = 099396A325B71EBF00ECEDEB /* Build configuration list for PBXProject "Weather" */;
			compatibilityVersion = "Xcode 9.3";
			developmentRegion = en;
			hasScannedForEncodings = 0;
			knownRegions = (
				en,
				Base,
			);
			mainGroup = 0993969F25B71EBF00ECEDEB;
			productRefGroup = 099396A925B71EBF00ECEDEB /* Products */;
			projectDirPath = "";
			projectRoot = "";
			targets = (
				099396A725B71EBF00ECEDEB /* Weather */,
			);
		};
/* End PBXProject section */

/* Begin PBXResourcesBuildPhase section */
		099396A625B71EBF00ECEDEB /* Resources */ = {
			isa = PBXResourcesBuildPhase;
			buildActionMask = 2147483647;
			files = (
				099396B825B71EC300ECEDEB /* LaunchScreen.storyboard in Resources */,
				099396B525B71EC300ECEDEB /* Assets.xcassets in Resources */,
				099396B325B71EBF00ECEDEB /* Main.storyboard in Resources */,
			);
			runOnlyForDeploymentPostprocessing = 0;
		};
/* End PBXResourcesBuildPhase section */

/* Begin PBXShellScriptBuildPhase section */
		A10EF92B600F63754FC328B1 /* [CP] Embed Pods Frameworks */ = {
			isa = PBXShellScriptBuildPhase;
			buildActionMask = 2147483647;
			files = (
			);
			inputPaths = (
				"${SRCROOT}/Pods/Target Support Files/Pods-Weather/Pods-Weather-frameworks.sh",
				"${BUILT_PRODUCTS_DIR}/Alamofire/Alamofire.framework",
				"${BUILT_PRODUCTS_DIR}/SVProgressHUD/SVProgressHUD.framework",
				"${BUILT_PRODUCTS_DIR}/SwiftyJSON/SwiftyJSON.framework",
			);
			name = "[CP] Embed Pods Frameworks";
			outputPaths = (
				"${TARGET_BUILD_DIR}/${FRAMEWORKS_FOLDER_PATH}/Alamofire.framework",
				"${TARGET_BUILD_DIR}/${FRAMEWORKS_FOLDER_PATH}/SVProgressHUD.framework",
				"${TARGET_BUILD_DIR}/${FRAMEWORKS_FOLDER_PATH}/SwiftyJSON.framework",
			);
			runOnlyForDeploymentPostprocessing = 0;
			shellPath = /bin/sh;
			shellScript = "\"${SRCROOT}/Pods/Target Support Files/Pods-Weather/Pods-Weather-frameworks.sh\"\n";
			showEnvVarsInLog = 0;
		};
		C58D2C9AE1EAE65EF2720947 /* [CP] Check Pods Manifest.lock */ = {
			isa = PBXShellScriptBuildPhase;
			buildActionMask = 2147483647;
			files = (
			);
			inputPaths = (
				"${PODS_PODFILE_DIR_PATH}/Podfile.lock",
				"${PODS_ROOT}/Manifest.lock",
			);
			name = "[CP] Check Pods Manifest.lock";
			outputPaths = (
				"$(DERIVED_FILE_DIR)/Pods-Weather-checkManifestLockResult.txt",
			);
			runOnlyForDeploymentPostprocessing = 0;
			shellPath = /bin/sh;
			shellScript = "diff \"${PODS_PODFILE_DIR_PATH}/Podfile.lock\" \"${PODS_ROOT}/Manifest.lock\" > /dev/null\nif [ $? != 0 ] ; then\n    # print error to STDERR\n    echo \"error: The sandbox is not in sync with the Podfile.lock. Run 'pod install' or update your CocoaPods installation.\" >&2\n    exit 1\nfi\n# This output is used by Xcode 'outputs' to avoid re-running this script phase.\necho \"SUCCESS\" > \"${SCRIPT_OUTPUT_FILE_0}\"\n";
			showEnvVarsInLog = 0;
		};
/* End PBXShellScriptBuildPhase section */

/* Begin PBXSourcesBuildPhase section */
		099396A425B71EBF00ECEDEB /* Sources */ = {
			isa = PBXSourcesBuildPhase;
			buildActionMask = 2147483647;
			files = (
				09FEAF2B25B81A7E00EA85E6 /* Weather.swift in Sources */,
				099396B025B71EBF00ECEDEB /* ViewController.swift in Sources */,
				099396AC25B71EBF00ECEDEB /* AppDelegate.swift in Sources */,
				099396AE25B71EBF00ECEDEB /* SceneDelegate.swift in Sources */,
				09FEAF3325B82C6900EA85E6 /* SearchCityController.swift in Sources */,
			);
			runOnlyForDeploymentPostprocessing = 0;
		};
/* End PBXSourcesBuildPhase section */

/* Begin PBXVariantGroup section */
		099396B125B71EBF00ECEDEB /* Main.storyboard */ = {
			isa = PBXVariantGroup;
			children = (
				099396B225B71EBF00ECEDEB /* Base */,
			);
			name = Main.storyboard;
			sourceTree = "<group>";
		};
		099396B625B71EC300ECEDEB /* LaunchScreen.storyboard */ = {
			isa = PBXVariantGroup;
			children = (
				099396B725B71EC300ECEDEB /* Base */,
			);
			name = LaunchScreen.storyboard;
			sourceTree = "<group>";
		};
/* End PBXVariantGroup section */

/* Begin XCBuildConfiguration section */
		099396BA25B71EC300ECEDEB /* Debug */ = {
			isa = XCBuildConfiguration;
			buildSettings = {
				ALWAYS_SEARCH_USER_PATHS = NO;
				CLANG_ANALYZER_NONNULL = YES;
				CLANG_ANALYZER_NUMBER_OBJECT_CONVERSION = YES_AGGRESSIVE;
				CLANG_CXX_LANGUAGE_STANDARD = "gnu++14";
				CLANG_CXX_LIBRARY = "libc++";
				CLANG_ENABLE_MODULES = YES;
				CLANG_ENABLE_OBJC_ARC = YES;
				CLANG_ENABLE_OBJC_WEAK = YES;
				CLANG_WARN_BLOCK_CAPTURE_AUTORELEASING = YES;
				CLANG_WARN_BOOL_CONVERSION = YES;
				CLANG_WARN_COMMA = YES;
				CLANG_WARN_CONSTANT_CONVERSION = YES;
				CLANG_WARN_DEPRECATED_OBJC_IMPLEMENTATIONS = YES;
				CLANG_WARN_DIRECT_OBJC_ISA_USAGE = YES_ERROR;
				CLANG_WARN_DOCUMENTATION_COMMENTS = YES;
				CLANG_WARN_EMPTY_BODY = YES;
				CLANG_WARN_ENUM_CONVERSION = YES;
				CLANG_WARN_INFINITE_RECURSION = YES;
				CLANG_WARN_INT_CONVERSION = YES;
				CLANG_WARN_NON_LITERAL_NULL_CONVERSION = YES;
				CLANG_WARN_OBJC_IMPLICIT_RETAIN_SELF = YES;
				CLANG_WARN_OBJC_LITERAL_CONVERSION = YES;
				CLANG_WARN_OBJC_ROOT_CLASS = YES_ERROR;
				CLANG_WARN_QUOTED_INCLUDE_IN_FRAMEWORK_HEADER = YES;
				CLANG_WARN_RANGE_LOOP_ANALYSIS = YES;
				CLANG_WARN_STRICT_PROTOTYPES = YES;
				CLANG_WARN_SUSPICIOUS_MOVE = YES;
				CLANG_WARN_UNGUARDED_AVAILABILITY = YES_AGGRESSIVE;
				CLANG_WARN_UNREACHABLE_CODE = YES;
				CLANG_WARN__DUPLICATE_METHOD_MATCH = YES;
				COPY_PHASE_STRIP = NO;
				DEBUG_INFORMATION_FORMAT = dwarf;
				ENABLE_STRICT_OBJC_MSGSEND = YES;
				ENABLE_TESTABILITY = YES;
				GCC_C_LANGUAGE_STANDARD = gnu11;
				GCC_DYNAMIC_NO_PIC = NO;
				GCC_NO_COMMON_BLOCKS = YES;
				GCC_OPTIMIZATION_LEVEL = 0;
				GCC_PREPROCESSOR_DEFINITIONS = (
					"DEBUG=1",
					"$(inherited)",
				);
				GCC_WARN_64_TO_32_BIT_CONVERSION = YES;
				GCC_WARN_ABOUT_RETURN_TYPE = YES_ERROR;
				GCC_WARN_UNDECLARED_SELECTOR = YES;
				GCC_WARN_UNINITIALIZED_AUTOS = YES_AGGRESSIVE;
				GCC_WARN_UNUSED_FUNCTION = YES;
				GCC_WARN_UNUSED_VARIABLE = YES;
				IPHONEOS_DEPLOYMENT_TARGET = 14.2;
				MTL_ENABLE_DEBUG_INFO = INCLUDE_SOURCE;
				MTL_FAST_MATH = YES;
				ONLY_ACTIVE_ARCH = YES;
				SDKROOT = iphoneos;
				SWIFT_ACTIVE_COMPILATION_CONDITIONS = DEBUG;
				SWIFT_OPTIMIZATION_LEVEL = "-Onone";
			};
			name = Debug;
		};
		099396BB25B71EC300ECEDEB /* Release */ = {
			isa = XCBuildConfiguration;
			buildSettings = {
				ALWAYS_SEARCH_USER_PATHS = NO;
				CLANG_ANALYZER_NONNULL = YES;
				CLANG_ANALYZER_NUMBER_OBJECT_CONVERSION = YES_AGGRESSIVE;
				CLANG_CXX_LANGUAGE_STANDARD = "gnu++14";
				CLANG_CXX_LIBRARY = "libc++";
				CLANG_ENABLE_MODULES = YES;
				CLANG_ENABLE_OBJC_ARC = YES;
				CLANG_ENABLE_OBJC_WEAK = YES;
				CLANG_WARN_BLOCK_CAPTURE_AUTORELEASING = YES;
				CLANG_WARN_BOOL_CONVERSION = YES;
				CLANG_WARN_COMMA = YES;
				CLANG_WARN_CONSTANT_CONVERSION = YES;
				CLANG_WARN_DEPRECATED_OBJC_IMPLEMENTATIONS = YES;
				CLANG_WARN_DIRECT_OBJC_ISA_USAGE = YES_ERROR;
				CLANG_WARN_DOCUMENTATION_COMMENTS = YES;
				CLANG_WARN_EMPTY_BODY = YES;
				CLANG_WARN_ENUM_CONVERSION = YES;
				CLANG_WARN_INFINITE_RECURSION = YES;
				CLANG_WARN_INT_CONVERSION = YES;
				CLANG_WARN_NON_LITERAL_NULL_CONVERSION = YES;
				CLANG_WARN_OBJC_IMPLICIT_RETAIN_SELF = YES;
				CLANG_WARN_OBJC_LITERAL_CONVERSION = YES;
				CLANG_WARN_OBJC_ROOT_CLASS = YES_ERROR;
				CLANG_WARN_QUOTED_INCLUDE_IN_FRAMEWORK_HEADER = YES;
				CLANG_WARN_RANGE_LOOP_ANALYSIS = YES;
				CLANG_WARN_STRICT_PROTOTYPES = YES;
				CLANG_WARN_SUSPICIOUS_MOVE = YES;
				CLANG_WARN_UNGUARDED_AVAILABILITY = YES_AGGRESSIVE;
				CLANG_WARN_UNREACHABLE_CODE = YES;
				CLANG_WARN__DUPLICATE_METHOD_MATCH = YES;
				COPY_PHASE_STRIP = NO;
				DEBUG_INFORMATION_FORMAT = "dwarf-with-dsym";
				ENABLE_NS_ASSERTIONS = NO;
				ENABLE_STRICT_OBJC_MSGSEND = YES;
				GCC_C_LANGUAGE_STANDARD = gnu11;
				GCC_NO_COMMON_BLOCKS = YES;
				GCC_WARN_64_TO_32_BIT_CONVERSION = YES;
				GCC_WARN_ABOUT_RETURN_TYPE = YES_ERROR;
				GCC_WARN_UNDECLARED_SELECTOR = YES;
				GCC_WARN_UNINITIALIZED_AUTOS = YES_AGGRESSIVE;
				GCC_WARN_UNUSED_FUNCTION = YES;
				GCC_WARN_UNUSED_VARIABLE = YES;
				IPHONEOS_DEPLOYMENT_TARGET = 14.2;
				MTL_ENABLE_DEBUG_INFO = NO;
				MTL_FAST_MATH = YES;
				SDKROOT = iphoneos;
				SWIFT_COMPILATION_MODE = wholemodule;
				SWIFT_OPTIMIZATION_LEVEL = "-O";
				VALIDATE_PRODUCT = YES;
			};
			name = Release;
		};
		099396BD25B71EC300ECEDEB /* Debug */ = {
			isa = XCBuildConfiguration;
			baseConfigurationReference = 27C0FC92F1028EEF58CF0939 /* Pods-Weather.debug.xcconfig */;
			buildSettings = {
				ASSETCATALOG_COMPILER_APPICON_NAME = AppIcon;
				ASSETCATALOG_COMPILER_GLOBAL_ACCENT_COLOR_NAME = AccentColor;
				CODE_SIGN_STYLE = Automatic;
				DEVELOPMENT_TEAM = NA68WML993;
				INFOPLIST_FILE = Weather/Info.plist;
				LD_RUNPATH_SEARCH_PATHS = (
					"$(inherited)",
					"@executable_path/Frameworks",
				);
				PRODUCT_BUNDLE_IDENTIFIER = "Liuquan-swift.Weather";
				PRODUCT_NAME = "$(TARGET_NAME)";
				SWIFT_VERSION = 5.0;
				TARGETED_DEVICE_FAMILY = "1,2";
			};
			name = Debug;
		};
		099396BE25B71EC300ECEDEB /* Release */ = {
			isa = XCBuildConfiguration;
			baseConfigurationReference = 183BE32A7718AC2DC17ADB47 /* Pods-Weather.release.xcconfig */;
			buildSettings = {
				ASSETCATALOG_COMPILER_APPICON_NAME = AppIcon;
				ASSETCATALOG_COMPILER_GLOBAL_ACCENT_COLOR_NAME = AccentColor;
				CODE_SIGN_STYLE = Automatic;
				DEVELOPMENT_TEAM = NA68WML993;
				INFOPLIST_FILE = Weather/Info.plist;
				LD_RUNPATH_SEARCH_PATHS = (
					"$(inherited)",
					"@executable_path/Frameworks",
				);
				PRODUCT_BUNDLE_IDENTIFIER = "Liuquan-swift.Weather";
				PRODUCT_NAME = "$(TARGET_NAME)";
				SWIFT_VERSION = 5.0;
				TARGETED_DEVICE_FAMILY = "1,2";
			};
			name = Release;
		};
/* End XCBuildConfiguration section */

/* Begin XCConfigurationList section */
		099396A325B71EBF00ECEDEB /* Build configuration list for PBXProject "Weather" */ = {
			isa = XCConfigurationList;
			buildConfigurations = (
				099396BA25B71EC300ECEDEB /* Debug */,
				099396BB25B71EC300ECEDEB /* Release */,
			);
			defaultConfigurationIsVisible = 0;
			defaultConfigurationName = Release;
		};
		099396BC25B71EC300ECEDEB /* Build configuration list for PBXNativeTarget "Weather" */ = {
			isa = XCConfigurationList;
			buildConfigurations = (
				099396BD25B71EC300ECEDEB /* Debug */,
				099396BE25B71EC300ECEDEB /* Release */,
			);
			defaultConfigurationIsVisible = 0;
			defaultConfigurationName = Release;
		};
/* End XCConfigurationList section */
	};
	rootObject = 099396A025B71EBF00ECEDEB /* Project object */;
}
